
Microsoft Visual Studio Solution File, Format Version 12.00
# Visual Studio 14
VisualStudioVersion = 14.0.25420.1
MinimumVisualStudioVersion = 10.0.40219.1
Project("{8BC9CEB8-8B4A-11D0-8D11-00A0C91BC942}") = "luawin32", "luawin32.vcxproj", "{2C819A64-4B37-47AD-A151-961A097F5AEC}"
EndProject
Project("{8BC9CEB8-8B4A-11D0-8D11-00A0C91BC942}") = "cjson", "..\cjson\cjson.vcxproj", "{CE40E664-ECB6-4821-B8CF-C37B26FEB782}"
	ProjectSection(ProjectDependencies) = postProject
		{2C819A64-4B37-47AD-A151-961A097F5AEC} = {2C819A64-4B37-47AD-A151-961A097F5AEC}
	EndProjectSection
EndProject
Project("{8BC9CEB8-8B4A-11D0-8D11-00A0C91BC942}") = "luacontext", "..\luacontext\luacontext.vcxproj", "{CE40E664-ECB6-4821-B8CF-C37B26FEB783}"
	ProjectSection(ProjectDependencies) = postProject
		{CE40E664-ECB6-4821-B8CF-C37B26FEB782} = {CE40E664-ECB6-4821-B8CF-C37B26FEB782}
	EndProjectSection
EndProject
Project("{8BC9CEB8-8B4A-11D0-8D11-00A0C91BC942}") = "lua", "..\lua\lua.vcxproj", "{09683CFD-2D74-479B-9C8D-3ED16C6D61A1}"
	ProjectSection(ProjectDependencies) = postProject
		{2C819A64-4B37-47AD-A151-961A097F5AEC} = {2C819A64-4B37-47AD-A151-961A097F5AEC}
	EndProjectSection
EndProject
Project("{8BC9CEB8-8B4A-11D0-8D11-00A0C91BC942}") = "luac", "..\luac\luac.vcxproj", "{E3106418-0DA7-4AFF-9415-8E21B7482AF5}"
	ProjectSection(ProjectDependencies) = postProject
		{2C819A64-4B37-47AD-A151-961A097F5AEC} = {2C819A64-4B37-47AD-A151-961A097F5AEC}
	EndProjectSection
EndProject
Global
	GlobalSection(SolutionConfigurationPlatforms) = preSolution
		Debug|x64 = Debug|x64
		Debug|x86 = Debug|x86
		Release|x64 = Release|x64
		Release|x86 = Release|x86
	EndGlobalSection
	GlobalSection(ProjectConfigurationPlatforms) = postSolution
		{2C819A64-4B37-47AD-A151-961A097F5AEC}.Debug|x64.ActiveCfg = Debug|x64
		{2C819A64-4B37-47AD-A151-961A097F5AEC}.Debug|x64.Build.0 = Debug|x64
		{2C819A64-4B37-47AD-A151-961A097F5AEC}.Debug|x86.ActiveCfg = Debug|Win32
		{2C819A64-4B37-47AD-A151-961A097F5AEC}.Debug|x86.Build.0 = Debug|Win32
		{2C819A64-4B37-47AD-A151-961A097F5AEC}.Release|x64.ActiveCfg = Release|x64
		{2C819A64-4B37-47AD-A151-961A097F5AEC}.Release|x64.Build.0 = Release|x64
		{2C819A64-4B37-47AD-A151-961A097F5AEC}.Release|x86.ActiveCfg = Release|Win32
		{2C819A64-4B37-47AD-A151-961A097F5AEC}.Release|x86.Build.0 = Release|Win32
		{CE40E664-ECB6-4821-B8CF-C37B26FEB782}.Debug|x64.ActiveCfg = Debug|x64
		{CE40E664-ECB6-4821-B8CF-C37B26FEB782}.Debug|x64.Build.0 = Debug|x64
		{CE40E664-ECB6-4821-B8CF-C37B26FEB782}.Debug|x86.ActiveCfg = Debug|Win32
		{CE40E664-ECB6-4821-B8CF-C37B26FEB782}.Debug|x86.Build.0 = Debug|Win32
		{CE40E664-ECB6-4821-B8CF-C37B26FEB782}.Release|x64.ActiveCfg = Release|x64
		{CE40E664-ECB6-4821-B8CF-C37B26FEB782}.Release|x64.Build.0 = Release|x64
		{CE40E664-ECB6-4821-B8CF-C37B26FEB782}.Release|x86.ActiveCfg = Release|Win32
		{CE40E664-ECB6-4821-B8CF-C37B26FEB782}.Release|x86.Build.0 = Release|Win32
		{CE40E664-ECB6-4821-B8CF-C37B26FEB783}.Debug|x64.ActiveCfg = Debug|x64
		{CE40E664-ECB6-4821-B8CF-C37B26FEB783}.Debug|x64.Build.0 = Debug|x64
		{CE40E664-ECB6-4821-B8CF-C37B26FEB783}.Debug|x86.ActiveCfg = Debug|Win32
		{CE40E664-ECB6-4821-B8CF-C37B26FEB783}.Debug|x86.Build.0 = Debug|Win32
		{CE40E664-ECB6-4821-B8CF-C37B26FEB783}.Release|x64.ActiveCfg = Release|x64
		{CE40E664-ECB6-4821-B8CF-C37B26FEB783}.Release|x64.Build.0 = Release|x64
		{CE40E664-ECB6-4821-B8CF-C37B26FEB783}.Release|x86.ActiveCfg = Release|Win32
		{CE40E664-ECB6-4821-B8CF-C37B26FEB783}.Release|x86.Build.0 = Release|Win32
		{09683CFD-2D74-479B-9C8D-3ED16C6D61A1}.Debug|x64.ActiveCfg = Debug|x64
		{09683CFD-2D74-479B-9C8D-3ED16C6D61A1}.Debug|x64.Build.0 = Debug|x64
		{09683CFD-2D74-479B-9C8D-3ED16C6D61A1}.Debug|x86.ActiveCfg = Debug|Win32
		{09683CFD-2D74-479B-9C8D-3ED16C6D61A1}.Debug|x86.Build.0 = Debug|Win32
		{09683CFD-2D74-479B-9C8D-3ED16C6D61A1}.Release|x64.ActiveCfg = Release|x64
		{09683CFD-2D74-479B-9C8D-3ED16C6D61A1}.Release|x64.Build.0 = Release|x64
		{09683CFD-2D74-479B-9C8D-3ED16C6D61A1}.Release|x86.ActiveCfg = Release|Win32
		{09683CFD-2D74-479B-9C8D-3ED16C6D61A1}.Release|x86.Build.0 = Release|Win32
		{E3106418-0DA7-4AFF-9415-8E21B7482AF5}.Debug|x64.ActiveCfg = Debug|x64
		{E3106418-0DA7-4AFF-9415-8E21B7482AF5}.Debug|x64.Build.0 = Debug|x64
		{E3106418-0DA7-4AFF-9415-8E21B7482AF5}.Debug|x86.ActiveCfg = Debug|Win32
		{E3106418-0DA7-4AFF-9415-8E21B7482AF5}.Debug|x86.Build.0 = Debug|Win32
		{E3106418-0DA7-4AFF-9415-8E21B7482AF5}.Release|x64.ActiveCfg = Release|x64
		{E3106418-0DA7-4AFF-9415-8E21B7482AF5}.Release|x64.Build.0 = Release|x64
		{E3106418-0DA7-4AFF-9415-8E21B7482AF5}.Release|x86.ActiveCfg = Release|Win32
		{E3106418-0DA7-4AFF-9415-8E21B7482AF5}.Release|x86.Build.0 = Release|Win32
	EndGlobalSection
	GlobalSection(SolutionProperties) = preSolution
		HideSolutionNode = FALSE
	EndGlobalSection
EndGlobal
